
Microsoft Visual Studio Solution File, Format Version 12.00
# Visual Studio Version 17
VisualStudioVersion = 17.9.34616.47
MinimumVisualStudioVersion = 10.0.40219.1
Project("{FAE04EC0-301F-11D3-BF4B-00C04F79EFBC}") = "neko-coffe-app", "neko-coffe-app\neko-coffe-app.csproj", "{957859EA-33CA-4446-95F9-B64C781E782F}"
EndProject
Global
	GlobalSection(SolutionConfigurationPlatforms) = preSolution
		Debug|Any CPU = Debug|Any CPU
		Release|Any CPU = Release|Any CPU
	EndGlobalSection
	GlobalSection(ProjectConfigurationPlatforms) = postSolution
		{957859EA-33CA-4446-95F9-B64C781E782F}.Debug|Any CPU.ActiveCfg = Debug|Any CPU
		{957859EA-33CA-4446-95F9-B64C781E782F}.Debug|Any CPU.Build.0 = Debug|Any CPU
		{957859EA-33CA-4446-95F9-B64C781E782F}.Release|Any CPU.ActiveCfg = Release|Any CPU
		{957859EA-33CA-4446-95F9-B64C781E782F}.Release|Any CPU.Build.0 = Release|Any CPU
	EndGlobalSection
	GlobalSection(SolutionProperties) = preSolution
		HideSolutionNode = FALSE
	EndGlobalSection
	GlobalSection(ExtensibilityGlobals) = postSolution
		SolutionGuid = {30A716EE-1C33-4102-8310-F34283BE09ED}
	EndGlobalSection
EndGlobal
